
Microsoft Visual Studio Solution File, Format Version 12.00
# Visual Studio Version 16
VisualStudioVersion = 16.0.30104.148
MinimumVisualStudioVersion = 10.0.40219.1
Project("{FAE04EC0-301F-11D3-BF4B-00C04F79EFBC}") = "FirstWCFService_011", "ServiceMtk-P1-20190140011\FirstWCFService_011.csproj", "{75FAEBFA-E403-4628-9BA2-3F9C2B682786}"
EndProject
Global
	GlobalSection(SolutionConfigurationPlatforms) = preSolution
		Debug|Any CPU = Debug|Any CPU
		Release|Any CPU = Release|Any CPU
	EndGlobalSection
	GlobalSection(ProjectConfigurationPlatforms) = postSolution
		{75FAEBFA-E403-4628-9BA2-3F9C2B682786}.Debug|Any CPU.ActiveCfg = Debug|Any CPU
		{75FAEBFA-E403-4628-9BA2-3F9C2B682786}.Debug|Any CPU.Build.0 = Debug|Any CPU
		{75FAEBFA-E403-4628-9BA2-3F9C2B682786}.Release|Any CPU.ActiveCfg = Release|Any CPU
		{75FAEBFA-E403-4628-9BA2-3F9C2B682786}.Release|Any CPU.Build.0 = Release|Any CPU
	EndGlobalSection
	GlobalSection(SolutionProperties) = preSolution
		HideSolutionNode = FALSE
	EndGlobalSection
	GlobalSection(ExtensibilityGlobals) = postSolution
		SolutionGuid = {3BA4C5B8-2C2C-4DCD-BAF5-27BC3BFDA7E8}
	EndGlobalSection
EndGlobal
